{
    "_readme": [
        "This file locks the dependencies of your project to a known state",
        "Read more about it at https://getcomposer.org/doc/01-basic-usage.md#installing-dependencies",
        "This file is @generated automatically"
    ],
    "content-hash": "8358039b5ceb05276aea12324a70efa6",
    "packages": [
        {
            "name": "bernard/bernard",
            "version": "0.13.0",
            "source": {
                "type": "git",
                "url": "https://github.com/bernardphp/bernard.git",
                "reference": "e1e931c87e7bcd2af37e576b791fe69c4b562870"
            },
            "dist": {
                "type": "zip",
                "url": "https://api.github.com/repos/bernardphp/bernard/zipball/e1e931c87e7bcd2af37e576b791fe69c4b562870",
                "reference": "e1e931c87e7bcd2af37e576b791fe69c4b562870",
                "shasum": ""
            },
            "require": {
                "php": ">=5.3.3"
            },
            "replace": {
                "henrikbjorn/bernard": "self.version"
            },
            "require-dev": {
                "aws/aws-sdk-php": "~2.4",
                "doctrine/dbal": "~2.3",
                "iron-io/iron_mq": "~1.4",
                "jms/serializer": "~0.12",
                "pimple/pimple": "~1.0",
                "predis/predis": "~0.8",
                "psr/log": "~1.0",
                "symfony/console": "~2.0",
                "symfony/dependency-injection": "~2.0",
                "symfony/serializer": "~2.2"
            },
            "type": "library",
            "extra": {
                "branch-alias": {
                    "dev-master": "0.10.x-dev"
                }
            },
            "autoload": {
                "psr-0": {
                    "Bernard": "src/"
                },
                "files": [
                    "src/Bernard/functions.php"
                ]
            },
            "notification-url": "https://packagist.org/downloads/",
            "license": [
                "MIT"
            ],
            "description": "Message queue implemented in PHP with Redis as a backend.",
            "time": "2019-01-25T13:22:03+00:00"
        },
        {
            "name": "predis/predis",
            "version": "v1.1.1",
            "source": {
                "type": "git",
                "url": "https://github.com/nrk/predis.git",
                "reference": "f0210e38881631afeafb56ab43405a92cafd9fd1"
            },
            "dist": {
                "type": "zip",
                "url": "https://api.github.com/repos/nrk/predis/zipball/f0210e38881631afeafb56ab43405a92cafd9fd1",
                "reference": "f0210e38881631afeafb56ab43405a92cafd9fd1",
                "shasum": ""
            },
            "require": {
                "php": ">=5.3.9"
            },
            "require-dev": {
                "phpunit/phpunit": "~4.8"
            },
            "suggest": {
                "ext-curl": "Allows access to Webdis when paired with phpiredis",
                "ext-phpiredis": "Allows faster serialization and deserialization of the Redis protocol"
            },
            "type": "library",
            "autoload": {
                "psr-4": {
                    "Predis\\": "src/"
                }
            },
            "notification-url": "https://packagist.org/downloads/",
            "license": [
                "MIT"
            ],
            "authors": [
                {
                    "name": "Daniele Alessandri",
                    "email": "suppakilla@gmail.com",
                    "homepage": "http://clorophilla.net"
                }
            ],
            "description": "Flexible and feature-complete Redis client for PHP and HHVM",
            "homepage": "http://github.com/nrk/predis",
            "keywords": [
                "nosql",
                "predis",
                "redis"
            ],
            "time": "2016-06-16T16:22:20+00:00"
        }
    ],
    "packages-dev": [],
    "aliases": [],
    "minimum-stability": "stable",
    "stability-flags": [],
    "prefer-stable": false,
    "prefer-lowest": false,
    "platform": [],
    "platform-dev": []
}
